rom-string": {
      "version": "2.0.2",
      "resolved": "http://package-firewall.replit.local/npm/require-from-string/-/require-from-string-2.0.2.tgz",
      "integrity": "sha512-Xf0nWe6RseziFMu+Ap9biiUbmplq6S9/p+7w7YXP/JBHhrUDDUhwa+vANyubuqfZWTveU//DYVGsDG7RKL/vEw==",
      "dev": true,
      "license": "MIT",
      "engines": {
        "node": ">=0.10.0"
      }
    },
    "node_modules/resolve": {
      "version": "1.22.12",
      "resolved": "http://package-firewall.replit.local/npm/resolve/-/resolve-1.22.12.tgz",
      "integrity": "sha512-TyeJ1zif53BPfHootBGwPRYT1RUt6oGWsaQr8UyZW/eAm9bKoijtvruSDEmZHm92CwS9nj7/fWttqPCgzep8CA==",
      "dev": true,
      "license": "MIT",
      "dependencies": {
        "es-errors": "^1.3.0",
        "is-core-module": "^2.16.1",
        "path-parse": "^1.0.7",
        "supports-preserve-symlinks-flag": "^1.0.0"
      },
      "bin": {
        "resolve": "bin/resolve"
      },
      "engines": {
        "node": ">= 0.4"
      },
      "funding": {
        "url": "https://github.com/sponsors/ljharb"
      }
    },
    "node_modules/rollup": {
      "version": "4.62.3",
      "resolved": "http://package-firewall.replit.local/npm/rollup/-/rollup-4.62.3.tgz",
      "integrity": "sha512-Gu0c0iH9FzgX1L1t7ByIbbS3Vmdz+6KHm/EsqmmC71gUQ82yvZRkTK6XzrFObSka91WUVdynqp6nsfilzr5k6Q==",
      "dev": true,
      "license": "MIT",
      "dependencies": {
        "@types/estree": "1.0.9"
      },
      "bin": {
        "rollup": "dist/bin/rollup"
      },
      "engines": {
        "node": ">=18.0.0",
        "npm": ">=8.0.0"
      },
      "optionalDependencies": {
        "@rollup/rollup-android-arm-eabi": "4.62.3",
        "@rollup/rollup-android-arm64": "4.62.3",
        "@rollup/rollup-darwin-arm64": "4.62.3",
        "@rollup/rollup-darwin-x64": "4.62.3",
        "@rollup/rollup-freebsd-arm64": "4.62.3",
        "@rollup/rollup-freebsd-x64": "4.62.3",
        "@rollup/rollup-linux-arm-gnueabihf": "4.62.3",
        "@rollup/rollup-linux-arm-musleabihf": "4.62.3",
        "@rollup/rollup-linux-arm64-gnu": "4.62.3",
        "@rollup/rollup-linux-arm64-musl": "4.62.3",
        "@rollup/rollup-linux-loong64-gnu": "4.62.3",
        "@rollup/rollup-linux-loong64-musl": "4.62.3",
        "@rollup/rollup-linux-ppc64-gnu": "4.62.3",
        "@rollup/rollup-linux-ppc64-musl": "4.62.3",
        "@rollup/rollup-linux-riscv64-gnu": "4.62.3",
        "@rollup/rollup-linux-riscv64-musl": "4.62.3",
        "@rollup/rollup-linux-s390x-gnu": "4.62.3",
        "@rollup/rollup-linux-x64-gnu": "4.62.3",
        "@rollup/rollup-linux-x64-musl": "4.62.3",
        "@rollup/rollup-openbsd-x64": "4.62.3",
        "@rollup/rollup-openharmony-arm64": "4.62.3",
        "@rollup/rollup-win32-arm64-msvc": "4.62.3",
        "@rollup/rollup-win32-ia32-msvc": "4.62.3",
        "@rollup/rollup-win32-x64-gnu": "4.62.3",
        "@rollup/rollup-win32-x64-msvc": "4.62.3",
        "fsevents": "~2.3.2"
      }
    },
    "node_modules/router": {
      "version": "2.2.0",
      "resolved": "http://package-firewall.replit.local/npm/router/-/router-2.2.0.tgz",
      "integrity": "sha512-nLTrUKm2UyiL7rlhapu/Zl45FwNgkZGaCpZbIHajDYgwlJCOzLSk+cIPAnsEqV955GjILJnKbdQC1nVPz+gAYQ==",
      "license": "MIT",
      "dependencies": {
        "debug": "^4.4.0",
        "depd": "^2.0.0",
        "is-promise": "^4.0.0",
        "parseurl": "^1.3.3",
        "path-to-regexp": "^8.0.0"
      },
      "engines": {
        "node": ">= 18"
      }
    },
    "node_modules/rxjs": {
      "version": "7.8.2",
      "resolved": "http://package-firewall.replit.local/npm/rxjs/-/rxjs-7.8.2.tgz",
      "integrity": "sha512-dhKf903U/PQZY6boNNtAGdWbG85WAbjT/1xYoZIC7FAY0yWapOBQVsVrDl58W86//e1VpMNBtRV4MaXfdMySFA==",
      "license": "Apache-2.0",
      "dependencies": {
        "tslib": "^2.1.0"
      }
    },
    "node_modules/safe-array-concat": {
      "version": "1.1.4",
      "resolved": "http://package-firewall.replit.local/npm/safe-array-concat/-/safe-array-concat-1.1.4.tgz",
      "integrity": "sha512-wtZlHyOje6OZTGqAoaDKxFkgRtkF9CnHAVnCHKfuj200wAgL+bSJhdsCD2l0Qx/2ekEXjPWcyKkfGb5CPboslg==",
      "dev": true,
      "license": "MIT",
      "dependencies": {
        "call-bind": "^1.0.9",
        "call-bound": "^1.0.4",
        "get-intrinsic": "^1.3.0",
        "has-symbols": "^1.1.0",
        "isarray": "^2.0.5"
      },
      "engines": {
        "node": ">=0.4"
      },
      "funding": {
        "url": "https://github.com/sponsors/ljharb"
      }
    },
    "node_modules/safe-buffer": {
      "version": "5.2.1",
      "resolved": "http://package-firewall.replit.local/npm/safe-buffer/-/safe-buffer-5.2.1.tgz",
      "integrity": "sha512-rp3So07KcdmmKbGvgaNxQSJr7bGVSVk5S9Eq1F+ppbRo70+YeaDxkw5Dd8NPN+GD6bjnYm2VuPuCXmpuYvmCXQ==",
      "funding": [
        {
          "type": "github",
          "url": "https://github.com/sponsors/feross"
        },
        {
          "type": "patreon",
          "url": "https://www.patreon.com/feross"
        },
        {
          "type": "consulting",
          "url": "https://feross.org/support"
        }
      ],
      "license": "MIT"
    },
    "node_modules/safe-push-apply": {
      "version": "1.0.0",
      "resolved": "http://package-firewall.replit.local/npm/safe-push-apply/-/safe-push-apply-1.0.0.tgz",
      "integrity": "sha512-iKE9w/Z7xCzUMIZqdBsp6pEQvwuEebH4vdpjcDWnyzaI6yl6O9FHvVpmGelvEHNsoY6wGblkxR6Zty/h00WiSA==",
      "dev": true,
      "license": "MIT",
      "dependencies": {
        "es-errors": "^1.3.0",
        "isarray": "^2.0.5"
      },
      "engines": {
        "node": ">= 0.4"
      },
      "funding": {
        "url": "https://github.com/sponsors/ljharb"
      }
    },
    "node_modules/safe-regex-test": {
      "version": "1.1.0",
      "resolved": "http://package-firewall.replit.local/npm/safe-regex-test/-/safe-regex-test-1.1.0.tgz",
      "integrity": "sha512-x/+Cz4YrimQxQccJf5mKEbIa1NzeCRNI5Ecl/ekmlYaampdNLPalVyIcCZNNH3MvmqBugV5TMYZXv0ljslUlaw==",
      "dev": true,
      "license": "MIT",
      "dependencies": {
        "call-bound": "^1.0.2",
        "es-errors": "^1.3.0",
        "is-regex": "^1.2.1"
      },
      "engines": {
        "node": ">= 0.4"
      },
      "funding": {
        "url": "https://github.com/sponsors/ljharb"
      }
    },
    "node_modules/safer-buffer": {
      "version": "2.1.2",
      "resolved": "http://package-firewall.replit.local/npm/safer-buffer/-/safer-buffer-2.1.2.tgz",
      "integrity": "sha512-YZo3K82SD7Riyi0E1EQPojLz7kpepnSQI9IyPbHHg1XXXevb5dJI7tpyN2ADxGcQbHG7vcyRHk0cbwqcQriUtg==",
      "license": "MIT"
    },
    "node_modules/sanitize-html": {
      "version": "2.17.5",
      "resolved": "http://package-firewall.replit.local/npm/sanitize-html/-/sanitize-html-2.17.5.tgz",
      "integrity": "sha512-ZmU1joGRrvoyctKIiuwUxqR6moLoU2Wk+2bMccN6f7UwhAmwYDvWziqPxRDDN2Qip62NqnIrVrT9akbL6Wretg==",
      "license": "MIT",
      "dependencies": {
        "deepmerge": "^4.2.2",
        "escape-string-regexp": "^4.0.0",
        "htmlparser2": "^10.1.0",
        "is-plain-object": "^5.0.0",
        "launder": "^1.7.1",
        "parse-srcset": "^1.0.2",
        "postcss": "^8.3.11"
      }
    },
    "node_modules/scheduler": {
      "version": "0.23.2",
      "resolved": "http://package-firewall.replit.local/npm/scheduler/-/scheduler-0.23.2.tgz",
      "integrity": "sha512-UOShsPwz7NrMUqhR6t0hWjFduvOzbtv7toDH1/hIrfRNIDBnnBWd0CwJTGvTpngVlmwGCdP9/Zl/tVrDqcuYzQ==",
      "license": "MIT",
      "dependencies": {
        "loose-envify": "^1.1.0"
      }
    },
    "node_modules/semver": {
      "version": "6.3.1",
      "resolved": "http://package-firewall.replit.local/npm/semver/-/semver-6.3.1.tgz",
      "integrity": "sha512-BR7VvDCVHO+q2xBEWskxS6DJE1qRnb7DxzUrogb71CWoSficBxYsiAGd+Kl0mmq/MprG9yArRkyrQxTO6XjMzA==",
      "dev": true,
      "license": "ISC",
      "bin": {
        "semver": "bin/semver.js"
      }
    },
    "node_modules/send": {
      "version": "1.2.1",
      "resolved": "http://package-firewall.replit.local/npm/send/-/send-1.2.1.tgz",
      "integrity": "sha512-1gnZf7DFcoIcajTjTwjwuDjzuz4PPcY2StKPlsGAQ1+YH20IRVrBaXSWmdjowTJ6u8Rc01PoYOGHXfP1mYcZNQ==",
      "license": "MIT",
      "dependencies": {
        "debug": "^4.4.3",
        "encodeurl": "^2.0.0",
        "escape-html": "^1.0.3",
        "etag": "^1.8.1",
        "fresh": "^2.0.0",
        "http-errors": "^2.0.1",
        "mime-types": "^3.0.2",
        "ms": "^2.1.3",
        "on-finished": "^2.4.1",
        "range-parser": "^1.2.1",
        "statuses": "^2.0.2"
      },
      "engines": {
        "node": ">= 18"
      },
      "funding": {
        "type": "opencollective",
        "url": "https://opencollective.com/express"
      }
    },
    "node_modules/serialize-javascript": {
      "version": "7.0.7",
      "resolved": "http://package-firewall.replit.local/npm/serialize-javascript/-/serialize-javascript-7.0.7.tgz",
      "integrity": "sha512-YAy8Od6KV+uuwUuU50np8fGB/Aues6Y0nAhA9y/hId74PlKUcme4pXcBD46NWKr1Q4osN/iseZ17YqO1XfmI8g==",
      "dev": true,
      "license": "BSD-3-Clause",
      "engines": {
        "node": ">=20.0.0"
      }
    },
    "node_modules/serve-static": {
      "version": "2.2.1",
      "resolved": "http://package-firewall.replit.local/npm/serve-static/-/serve-static-2.2.1.tgz",
      "integrity": "sha512-xRXBn0pPqQTVQiC8wyQrKs2MOlX24zQ0POGaj0kultvoOCstBQM5yvOhAVSUwOMjQtTvsPWoNCHfPGwaaQJhTw==",
      "license": "MIT",
      "dependencies": {
        "encodeurl": "^2.0.0",
        "escape-html": "^1.0.3",
        "parseurl": "^1.3.3",
        "send": "^1.2.0"
      },
      "engines": {
        "node": ">= 18"
      },
      "funding": {
        "type": "opencollective",
        "url": "https://opencollective.com/express"
      }
    },
    "node_modules/set-function-length": {
      "version": "1.2.2",
      "resolved": "http://package-firewall.replit.local/npm/set-function-length/-/set-function-length-1.2.2.tgz",
      "integrity": "sha512-pgRc4hJ4/sNjWCSS9AmnS40x3bNMDTknHgL5UaMBTMyJnU90EgWh1Rz+MC9eFu4BuN/UwZjKQuY/1v3rM7HMfg==",
      "dev": true,
      "license": "MIT",
      "dependencies": {
        "define-data-property": "^1.1.4",
        "es-errors": "^1.3.0",
        "function-bind": "^1.1.2",
        "get-intrinsic": "^1.2.4",
        "gopd": "^1.0.1",
        "has-property-descriptors": "^1.0.2"
      },
      "engines": {
        "node": ">= 0.4"
      }
    },
    "node_modules/set-function-name": {
      "version": "2.0.2",
      "resolved": "http://package-firewall.replit.local/npm/set-function-name/-/set-function-name-2.0.2.tgz",
      "integrity": "sha512-7PGFlmtwsEADb0WYyvCMa1t+yke6daIG4Wirafur5kcf+MhUnPms1UeR0CKQdTZD81yESwMHbtn+TR+dMviakQ==",
      "dev": true,
      "license": "MIT",
      "dependencies": {
        "define-data-property": "^1.1.4",
        "es-errors": "^1.3.0",
        "functions-have-names": "^1.2.3",
        "has-property-descriptors": "^1.0.2"
      },
      "engines": {
        "node": ">= 0.4"
      }
    },
    "node_modules/set-proto": {
      "version": "1.0.0",
      "resolved": "http://package-firewall.replit.local/npm/set-proto/-/set-proto-1.0.0.tgz",
      "integrity": "sha512-RJRdvCo6IAnPdsvP/7m6bsQqNnn1FCBX5ZNtFL98MmFF/4xAIJTIg1YbHW5DC2W5SKZanrC6i4HsJqlajw/dZw==",
      "dev": true,
      "license": "MIT",
      "dependencies": {
        "dunder-proto": "^1.0.1",
        "es-errors": "^1.3.0",
        "es-object-atoms": "^1.0.0"
      },
      "engines": {
        "node": ">= 0.4"
      }
    },
    "node_modules/setprototypeof": {
      "version": "1.2.0",
      "resolved": "http://package-firewall.replit.local/npm/setprototypeof/-/setprototypeof-1.2.0.tgz",
      "integrity": "sha512-E5LDX7Wrp85Kil5bhZv46j8jOeboKq5JMmYM3gVGdGH8xFpPWXUMsNrlODCrkoxMEeNi/XZIwuRvY4XNwYMJpw==",
      "license": "ISC"
    },
    "node_modules/shebang-command": {
      "version": "2.0.0",
      "resolved": "http://package-firewall.replit.local/npm/shebang-command/-/shebang-command-2.0.0.tgz",
      "integrity": "sha512-kHxr2zZpYtdmrN1qDjrrX/Z1rR1kG8Dx+gkpK1G4eXmvXswmcE1hTWBWYUzlraYw1/yZp6YuDY77YtvbN0dmDA==",
      "dev": true,
      "license": "MIT",
      "dependencies": {
        "shebang-regex": "^3.0.0"
      },
      "engines": {
        "node": ">=8"
      }
    },
    "node_modules/shebang-regex": {
      "version": "3.0.0",
      "resolved": "http://package-firewall.replit.local/npm/shebang-regex/-/shebang-regex-3.0.0.tgz",
      "integrity": "sha512-7++dFhtcx3353uBaq8DDR4NuxBetBzC7ZQOhmTQInHEd6bSrXdiEyzCvG07Z44UYdLShWUyXt5M/yhz8ekcb1A==",
      "dev": true,
      "license": "MIT",
      "engines": {
        "node": ">=8"
      }
    },
    "node_modules/shell-quote": {
      "version": "1.9.0",
      "resolved": "http://package-firewall.replit.local/npm/shell-quote/-/shell-quote-1.9.0.tgz",
      "integrity": "sha512-Iov+JwFv/2HcTpcwNMKd8+IWNb8tboQJNQTkAY/LLVK7gGH9jy+LGkVqPxfekHl+yMmiqXszdGWXgkfml7hjqA==",
      "license": "MIT",
      "engines": {
        "node": ">= 0.4"
      },
      "funding": {
        "url": "https://github.com/sponsors/ljharb"
      }
    },
    "node_modules/side-channel": {
      "version": "1.1.1",
      "resolved": "http://package-firewall.replit.local/npm/side-channel/-/side-channel-1.1.1.tgz",
      "integrity": "sha512-6x6dK6zJdpTzF4sQeNYxwtvBzf6Eg4GtlesS94HOvTudUeyK2WXAaIfmDgsyslYrRBeFIlsi54AYsFGUuhmvrQ==",
      "license": "MIT",
      "dependencies": {
        "es-errors": "^1.3.0",
        "object-inspect": "^1.13.4",
        "side-channel-list": "^1.0.1",
        "side-channel-map": "^1.0.1",
        "side-channel-weakmap": "^1.0.2"
      },
      "engines": {
        "node": ">= 0.4"
      },
      "funding": {
        "url": "https://github.com/sponsors/ljharb"
      }
    },
    "node_modules/side-channel-list": {
      "version": "1.0.1",
      "resolved": "http://package-firewall.replit.local/npm/side-channel-list/-/side-channel-list-1.0.1.tgz",
      "integrity": "sha512-mjn/0bi/oUURjc5Xl7IaWi/OJJJumuoJFQJfDDyO46+hBWsfaVM65TBHq2eoZBhzl9EchxOijpkbRC8SVBQU0w==",
      "license": "MIT",
      "dependencies": {
        "es-errors": "^1.3.0",
        "object-inspect": "^1.13.4"
      },
      "engines": {
        "node": ">= 0.4"
      },
      "funding": {
        "url": "https://github.com/sponsors/ljharb"
      }
    },
    "node_modules/side-channel-map": {
      "version": "1.0.1",
      "resolved": "http://package-firewall.replit.local/npm/side-channel-map/-/side-channel-map-1.0.1.tgz",
      "integrity": "sha512-VCjCNfgMsby3tTdo02nbjtM/ewra6jPHmpThenkTYh8pG9ucZ/1P8So4u4FGBek/BjpOVsDCMoLA/iuBKIFXRA==",
      "license": "MIT",
      "dependencies": {
        "call-bound": "^1.0.2",
        "es-errors": "^1.3.0",
        "get-intrinsic": "^1.2.5",
        "object-inspect": "^1.13.3"
      },
      "engines": {
        "node": ">= 0.4"
      },
      "funding": {
        "url": "https://github.com/sponsors/ljharb"
      }
    },
    "node_modules/side-channel-weakmap": {
      "version": "1.0.2",
      "resolved": "http://package-firewall.replit.local/npm/side-channel-weakmap/-/side-channel-weakmap-1.0.2.tgz",
      "integrity": "sha512-WPS/HvHQTYnHisLo9McqBHOJk2FkHO/tlpvldyrnem4aeQp4hai3gythswg6p01oSoTl58rcpiFAjF2br2Ak2A==",
      "license": "MIT",
      "dependencies": {
        "call-bound": "^1.0.2",
        "es-errors": "^1.3.0",
        "get-intrinsic": "^1.2.5",
        "object-inspect": "^1.13.3",
        "side-channel-map": "^1.0.1"
      },
      "engines": {
        "node": ">= 0.4"
      },
      "funding": {
        "url": "https://github.com/sponsors/ljharb"
      }
    },
    "node_modules/signal-exit": {
      "version": "4.1.0",
      "resolved": "http://package-firewall.replit.local/npm/signal-exit/-/signal-exit-4.1.0.tgz",
      "integrity": "sha512-bzyZ1e88w9O1iNJbKnOlvYTrWPDl46O1bG0D3XInv+9tkPrxrN8jUUTiFlDkkmKWgn1M6CfIA13SuGqOa9Korw==",
      "dev": true,
      "license": "ISC",
      "engines": {
        "node": ">=14"
      },
      "funding": {
        "url": "https://github.com/sponsors/isaacs"
      }
    },
    "node_modules/simple-update-notifier": {
      "version": "2.0.0",
      "resolved": "http://package-firewall.replit.local/npm/simple-update-notifier/-/simple-update-notifier-2.0.0.tgz",
      "integrity": "sha512-a2B9Y0KlNXl9u/vsW6sTIu9vGEpfKu2wRV6l1H3XEas/0gUIzGzBoP/IouTcUQbm9JWZLH3COxyn03TYlFax6w==",
      "license": "MIT",
      "dependencies": {
        "semver": "^7.5.3"
      },
      "engines": {
        "node": ">=10"
      }
    },
    "node_modules/simple-update-notifier/node_modules/semver": {
      "version": "7.8.5",
      "resolved": "http://package-firewall.replit.local/npm/semver/-/semver-7.8.5.tgz",
      "integrity": "sha512-Y7/KDsb8LjooZpwaqGyulO6DQlksgCncchHGk+sZIY4SBvUocMBEFH5Ur1fI4dV+Jvl0w6cjvucaIi40puRioA==",
      "license": "ISC",
      "bin": {
        "semver": "bin/semver.js"
      },
      "engines": {
        "node": ">=10"
      }
    },
    "node_modules/smob": {
      "version": "1.6.2",
      "resolved": "http://package-firewall.replit.local/npm/smob/-/smob-1.6.2.tgz",
      "integrity": "sha512-RQsvleCbF8cVHEv+xuDGaA4pOizFqJ0GgjtMSRo6oP8pnN7WsigHgVGey6aILRBKv4W2YOMHLqbKdnB6hpB9fw==",
      "dev": true,
      "license": "MIT",
      "engines": {
        "node": ">=20.0.0"
      }
    },
    "node_modules/source-map": {
      "version": "0.8.0",
      "resolved": "http://package-firewall.replit.local/npm/source-map/-/source-map-0.8.0.tgz",
      "integrity": "sha512-d8EqvL+k/SOXCreS/SUzg2ciyHqBBLcN/yuRjFsbvVhHTE2pgei7oAhmPM7kWFbkX6OSMQfUq4KbkF3au9lhYQ==",
      "dev": true,
      "license": "BSD-3-Clause",
      "engines": {
        "node": ">= 12"
      }
    },
    "node_modules/source-map-js": {
      "version": "1.2.1",
      "resolved": "http://package-firewall.replit.local/npm/source-map-js/-/source-map-js-1.2.1.tgz",
      "integrity": "sha512-UXWMKhLOwVKb728IUtQPXxfYU+usdybtUrK/8uGE8CQMvrhOpwvzDBwj0QhSL7MQc7vIsISBG8VQ8+IDQxpfQA==",
      "license": "BSD-3-Clause",
      "engines": {
        "node": ">=0.10.0"
      }
    },
    "node_modules/source-map-support": {
      "version": "0.5.21",
      "resolved": "http://package-firewall.replit.local/npm/source-map-support/-/source-map-support-0.5.21.tgz",
      "integrity": "sha512-uBHU3L3czsIyYXKX88fdrGovxdSCoTGDRZ6SYXtSRxLZUzHg5P/66Ht6uoUlHu9EZod+inXhKo3qQgwXUT/y1w==",
      "dev": true,
      "license": "MIT",
      "dependencies": {
        "buffer-from": "^1.0.0",
        "source-map": "^0.6.0"
      }
    },
    "node_modules/source-map-support/node_modules/source-map": {
      "version": "0.6.1",
      "resolved": "http://package-firewall.replit.local/npm/source-map/-/source-map-0.6.1.tgz",
      "integrity": "sha512-UjgapumWlbMhkBgzT7Ykc5YXUT46F0iKu8SGXq0bcwP5dz/h0Plj6enJqjz1Zbq2l5WaqYnrVbwWOWMyF3F47g==",
      "dev": true,
      "license": "BSD-3-Clause",
      "engines": {
        "node": ">=0.10.0"
      }
    },
    "node_modules/statuses": {
      "version": "2.0.2",
      "resolved": "http://package-firewall.replit.local/npm/statuses/-/statuses-2.0.2.tgz",
      "integrity": "sha512-DvEy55V3DB7uknRo+4iOGT5fP1slR8wQohVdknigZPMpMstaKJQWhwiYBACJE3Ul2pTnATihhBYnRhZQHGBiRw==",
      "license": "MIT",
      "engines": {
        "node": ">= 0.8"
      }
    },
    "node_modules/stop-iteration-iterator": {
      "version": "1.1.0",
      "resolved": "http://package-firewall.replit.local/npm/stop-iteration-iterator/-/stop-iteration-iterator-1.1.0.tgz",
      "integrity": "sha512-eLoXW/DHyl62zxY4SCaIgnRhuMr6ri4juEYARS8E6sCEqzKpOiE521Ucofdx+KnDZl5xmvGYaaKCk5FEOxJCoQ==",
      "dev": true,
      "license": "MIT",
      "dependencies": {
        "es-errors": "^1.3.0",
        "internal-slot": "^1.1.0"
      },
      "engines": {
        "node": ">= 0.4"
      }
    },
    "node_modules/stream-browserify": {
      "version": "3.0.0",
      "resolved": "http://package-firewall.replit.local/npm/stream-browserify/-/stream-browserify-3.0.0.tgz",
      "integrity": "sha512-H73RAHsVBapbim0tU2JwwOiXUj+fikfiaoYAKHF3VJfA0pe2BCzkhAHBlLG6REzE+2WNZcxOXjK7lkso+9euLA==",
      "license": "MIT",
      "dependencies": {
        "inherits": "~2.0.4",
        "readable-stream": "^3.5.0"
      }
    },
    "node_modules/streamsearch": {
      "version": "1.1.0",
      "resolved": "http://package-firewall.replit.local/npm/streamsearch/-/streamsearch-1.1.0.tgz",
      "integrity": "sha512-Mcc5wHehp9aXz1ax6bZUyY5afg9u2rv5cqQI3mRrYkGC8rW2hM02jWuwjtL++LS5qinSyhj2QfLyNsuc+VsExg==",
      "engines": {
        "node": ">=10.0.0"
      }
    },
    "node_modules/string_decoder": {
      "version": "1.3.0",
      "resolved": "http://package-firewall.replit.local/npm/string_decoder/-/string_decoder-1.3.0.tgz",
      "integrity": "sha512-hkRX8U1WjJFd8LsDJ2yQ/wWWxaopEsABU1XfkM8A+j0+85JAGppt16cr1Whg6KIbb4okU6Mql6BOj+uup/wKeA==",
      "license": "MIT",
      "dependencies": {
        "safe-buffer": "~5.2.0"
      }
    },
    "node_modules/string-width": {
      "version": "4.2.3",
      "resolved": "http://package-firewall.replit.local/npm/string-width/-/string-width-4.2.3.tgz",
      "integrity": "sha512-wKyQRQpjJ0sIp62ErSZdGsjMJWsap5oRNihHhu6G7JVO/9jIB6UyevL+tXuOqrng8j/cxKTWyWUwvSTriiZz/g==",
      "license": "MIT",
      "dependencies": {
        "emoji-regex": "^8.0.0",
        "is-fullwidth-code-point": "^3.0.0",
        "strip-ansi": "^6.0.1"
      },
      "engines": {
        "node": ">=8"
      }
    },
    "node_modules/string.prototype.matchall": {
      "version": "4.0.12",
      "resolved": "http://package-firewall.replit.local/npm/string.prototype.matchall/-/string.prototype.matchall-4.0.12.tgz",
      "integrity": "sha512-6CC9uyBL+/48dYizRf7H7VAYCMCNTBeM78x/VTUe9bFEaxBepPJDa1Ow99LqI/1yF7kuy7Q3cQsYMrcjGUcskA==",
      "dev": true,
      "license": "MIT",
      "dependencies": {
        "call-bind": "^1.0.8",
        "call-bound": "^1.0.3",
        "define-properties": "^1.2.1",
        "es-abstract": "^1.23.6",
        "es-errors": "^1.3.0",
        "es-object-atoms": "^1.0.0",
        "get-intrinsic": "^1.2.6",
        "gopd": "^1.2.0",
        "has-symbols": "^1.1.0",
        "internal-slot": "^1.1.0",
        "regexp.prototype.flags": "^1.5.3",
        "set-function-name": "^2.0.2",
        "side-channel": "^1.1.0"
      },
      "engines": {
        "node": ">= 0.4"
      },
      "funding": {
        "url": "https://github.com/sponsors/ljharb"
      }
    },
    "node_modules/string.prototype.trim": {
      "version": "1.2.11",
      "resolved": "http://package-firewall.replit.local/npm/string.prototype.trim/-/string.prototype.trim-1.2.11.tgz",
      "integrity": "sha512-PwvK7BU+CMTJGYQCTZb5RWXIML92lftJLhQz1tBzgKiqGxJaMlBAa48POXaNAC2s4y8jr3EFqrkF9+44neS46w==",
      "dev": true,
      "license": "MIT",
      "dependencies": {
        "call-bind": "^1.0.9",
        "call-bound": "^1.0.4",
        "define-data-property": "^1.1.4",
        "define-properties": "^1.2.1",
        "es-abstract": "^1.24.2",
        "es-object-atoms": "^1.1.2",
        "has-property-descriptors": "^1.0.2",
        "safe-regex-test": "^1.1.0"
      },
      "engines": {
        "node": ">= 0.4"
      },
      "funding": {
        "url": "https://github.com/sponsors/ljharb"
      }
    },
    "node_modules/string.prototype.trimend": {
      "version": "1.0.10",
      "resolved": "http://package-firewall.replit.local/npm/string.prototype.trimend/-/string.prototype.trimend-1.0.10.tgz",
      "integrity": "sha512-2+3aDAOmPTmuFwjDnmJG2ctEkQKVki7vOSqaxkv42Mowj1V6PnvuwFCRrR5lChUux1TBskPjfkeTOhqczDMxTw==",
      "dev": true,
      "license": "MIT",
      "dependencies": {
        "call-bind": "^1.0.9",
        "call-bound": "^1.0.4",
        "define-properties": "^1.2.1",
        "es-object-atoms": "^1.1.2"
      },
      "engines": {
        "node": ">= 0.4"
      },
      "funding": {
        "url": "https://github.com/sponsors/ljharb"
      }
    },
    "node_modules/string.prototype.trimstart": {
      "version": "1.0.8",
      "resolved": "http://package-firewall.replit.local/npm/string.prototype.trimstart/-/string.prototype.trimstart-1.0.8.tgz",
      "integrity": "sha512-UXSH262CSZY1tfu3G3Secr6uGLCFVPMhIqHjlgCUtCCcgihYc/xKs9djMTMUOb2j1mVSeU8EU6NWc/iQKU6Gfg==",
      "dev": true,
      "license": "MIT",
      "dependencies": {
        "call-bind": "^1.0.7",
        "define-properties": "^1.2.1",
        "es-object-atoms": "^1.0.0"
      },
      "engines": {
        "node": ">= 0.4"
      },
      "funding": {
        "url": "https://github.com/sponsors/ljharb"
      }
    },
    "nodeR&gVæF–ær#¢°¢'W&Â#¢&‡GG3¢òöv—F‡V"æ6öÒ÷7öç6÷'2öÆ¦†&" ¢Ð¢ÒÀ¢&æöFUöÖöGVÆW2÷VæFVg6fR#¢°¢'fW'6–öâ#¢#"ããR"À¢'&W6öÇfVB#¢&‡GG¢ò÷6¶vRÖf—&WvÆÂç&WÆ—BæÆö6ÂöçÒ÷VæFVg6fRòÒ÷VæFVg6fRÓ"ããRçFw¢"À¢&–çFVw&—G’#¢'6†S"Õw„ôä7'74$Ó…E5'ãTV×6¥g'7cD…ƒ$£D$&––—c4G—”s5¦Ä–sg——7WU5–E§5g£5D¶5Fs&fBòõV¦CD4…c”ÓÒ"À¢&Æ–6Vç6R#¢$Ô•B ¢ÒÀ¢&æöFUöÖöGVÆW2÷VæF–6’×G—W2#¢°¢'fW'6–öâ#¢#‚ã2ã"À¢'&W6öÇfVB#¢&‡GG¢ò÷6¶vRÖf—&WvÆÂç&WÆ—BæÆö6ÂöçÒ÷VæF–6’×G—W2òÒ÷VæF–6’×G—W2Ó‚ã2ãçFw¢"À¢&–çFVw&—G’#¢'6†S"Ö£3sU65ccFöÒµ–µd–eDÆ4ö•†´âö'T‡£Tvö&¤Æ†—„gTæç343–ÃDv×%wV¦u…t£t&$¦4e—DUVµ3vS†'¥ÓÒ"À¢&Æ–6Vç6R#¢$Ô•B ¢ÒÀ¢&æöFUöÖöGVÆW2÷Væ–6öFRÖ6æöæ–6Â×&÷W'G’ÖæÖW2ÖV6Ö67&—B#¢°¢'fW'6–öâ#¢#"ãã"À¢'&W6öÇfVB#¢&‡GG¢ò÷6¶vRÖf—&WvÆÂç&WÆ—BæÆö6ÂöçÒ÷Væ–6öFRÖ6æöæ–6Â×&÷W'G’ÖæÖW2ÖV6Ö67&—BòÒ÷Væ–6öFRÖ6æöæ–6Â×&÷W'G’ÖæÖW2ÖV6Ö67&—BÓ"ããçFw¢"À¢&–çFVw&—G’#¢'6†S"ÖD…v$æV#&fõ¤SU–ÅCWetuc•u„÷6“576´S6&46DÓE4FB³#G¥2ôô66E'T&¶G5&£—5se—•÷„”wsÓÒ"À¢&FWb#¢G'VRÀ¢&Æ–6Vç6R#¢$Ô•B"À¢&Væv–æW2#¢°¢&æöFR#¢#ãÓB ¢Ð¢ÒÀ¢&æöFUöÖöGVÆW2÷Væ–6öFRÖÖF6‚×&÷W'G’ÖV6Ö67&—B#¢°¢'fW'6–öâ#¢#"ãã"À¢'&W6öÇfVB#¢&‡GG¢ò÷6¶vRÖf—&WvÆÂç&WÆ—BæÆö6ÂöçÒ÷Væ–6öFRÖÖF6‚×&÷W'G’ÖV6Ö67&—BòÒ÷Væ–6öFRÖÖF6‚×&÷W'G’ÖV6Ö67&—BÓ"ããçFw¢"À¢&–çFVw&—G’#¢'6†S"ÓV¶¤7&'VÖÖ'£WVÄ&´F¶%“75ö¤·e33UgÃ—VÄÕe6Ã£‡6Ò³”Wg‡c”6ô•¤gw&Sv¦ö“D“g6TÔ´udãUÓÒ"À¢&FWb#¢G'VRÀ¢&Æ–6Vç6R#¢$Ô•B"À¢&FWVæFVæ6–W2#¢°¢'Væ–6öFRÖ6æöæ–6Â×&÷W'G’ÖæÖW2ÖV6Ö67&—B#¢%ã"ãã"À¢'Væ–6öFR×&÷W'G’ÖÆ–6W2ÖV6Ö67&—B#¢%ã"ãã ¢ÒÀ¢&Væv–æW2#¢°¢&æöFR#¢#ãÓB ¢Ð¢ÒÀ¢&æöFUöÖöGVÆW2÷Væ–6öFRÖÖF6‚×&÷W'G’×fÇVRÖV6Ö67&—B#¢°¢'fW'6–öâ#¢#"ã"ã"À¢'&W6öÇfVB#¢&‡GG¢ò÷6¶vRÖf—&WvÆÂç&WÆ—BæÆö6ÂöçÒ÷Væ–6öFRÖÖF6‚×&÷W'G’×fÇVRÖV6Ö67&—BòÒ÷Væ–6öFRÖÖF6‚×&÷W'G’×fÇVRÖV6Ö67&—BÓ"ã"ãçFw¢"À¢&–çFVw&—G’#¢'6†S"Ô¥ƒGGTÖsFåf·ƒ†vDfW“”ƒgUE„¶ç†´tböfe$Çs„2ô'#D„äÆ¦„…6µvC2³ƒGC†•†ç£µ–5¤††sÓÒ"À¢&FWb#¢G'VRÀ¢&Æ–6Vç6R#¢$Ô•B"À¢&Væv–æW2#¢°¢&æöFR#¢#ãÓB ¢Ð¢ÒÀ¢&æöFUöÖöGVÆW2÷Væ–6öFR×&÷W'G’ÖÆ–6W2ÖV6Ö67&—B#¢°¢'fW'6–öâ#¢#"ã"ã"À¢'&W6öÇfVB#¢&‡GG¢ò÷6¶vRÖf—&WvÆÂç&WÆ—BæÆö6ÂöçÒ÷Væ–6öFR×&÷W'G’ÖÆ–6W2ÖV6Ö67&—BòÒ÷Væ–6öFR×&÷W'G’ÖÆ–6W2ÖV6Ö67&—BÓ"ã"ãçFw¢"À¢&–çFVw&—G’#¢'6†S"Ö‡$G§…U“”$gu‚µVT&ç‡c56ƒt„g†£C„EFÕ†6„æu&CfÄó‡V£2ó”Vã4Ö”åU•Fss–7D—„44U&ã†u•¦„„3VÅÓÒ"À¢&FWb#¢G'VRÀ¢&Æ–6Vç6R#¢$Ô•B"À¢&Væv–æW2#¢°¢&æöFR#¢#ãÓB ¢Ð¢ÒÀ¢&æöFUöÖöGVÆW2÷Væ—VR×7G&–ær#¢°¢'fW'6–öâ#¢#"ãã"À¢'&W6öÇfVB#¢&‡GG¢ò÷6¶vRÖf—&WvÆÂç&WÆ—BæÆö6ÂöçÒ÷Væ—VR×7G&–æròÒ÷Væ—VR×7G&–ærÓ"ããçFw¢"À¢&–çFVw&—G’#¢'6†S"×TæV—$Ug¥u6w§w5wES'¥e5G&âó„ÃWô–W…¦ÔƒTƒe4s46ÔUSDwtõ%G…§3“UD„ÄçTÆõäóVu¦evsÓÒ"À¢&FWb#¢G'VRÀ¢&Æ–6Vç6R#¢$Ô•B"À¢&FWVæFVæ6–W2#¢°¢&7'—Fò×&æFöÒ×7G&–ær#¢%ã"ãã ¢ÒÀ¢&Væv–æW2#¢°¢&æöFR#¢#ãÓ‚ ¢Ð¢ÒÀ¢&æöFUöÖöGVÆW2÷Væ—fW'6Æ–g’#¢°¢'fW'6–öâ#¢#"ãã"À¢'&W6öÇfVB#¢&‡GG¢ò÷6¶vRÖf—&WvÆÂç&WÆ—BæÆö6ÂöçÒ÷Væ—fW'6Æ–g’òÒ÷Væ—fW'6Æ–g’Ó"ããçFw¢"À¢&–çFVw&—G’#¢'6†S"ÖwD„åv„”ææ2÷eDt–³4ôdtdå‡st¥g&Å%WD6öä¥&ÇfsdGUƒtóT¦V¶ó—5w$Ô&†‚µ5”£võ„”öæbõT¶öw–—sÓÒ"À¢&FWb#¢G'VRÀ¢&Æ–6Vç6R#¢$Ô•B"À¢&Væv–æW2#¢°¢&æöFR#¢#ãÒãã ¢Ð¢ÒÀ¢&æöFUöÖöGVÆW2÷Vç—R#¢°¢'fW'6–öâ#¢#ãã"À¢'&W6öÇfVB#¢&‡GG¢ò÷6¶vRÖf—&WvÆÂç&WÆ—BæÆö6ÂöçÒ÷Vç—RòÒ÷Vç—RÓããçFw¢"À¢&–çFVw&—G’#¢'6†S"×§“&%–…77VguvÄ·u2¶Ã64ãr·wT¦Ä³gW£–D¤TöÅF&Ãf¦òõ–Å“FÖ#†uVµd3„$cuc„çW¦W•ç&·46‡§DµÓÒ"À¢&Æ–6Vç6R#¢$Ô•B"À¢&Væv–æW2#¢°¢&æöFR#¢#ãÒã‚ ¢Ð¢ÒÀ¢&æöFUöÖöGVÆW2÷WF‚#¢°¢'fW'6–öâ#¢#ã"ã"À¢'&W6öÇfVB#¢&‡GG¢ò÷6¶vRÖf—&WvÆÂç&WÆ—BæÆö6ÂöçÒ÷WF‚òÒ÷WF‚Óã"ãçFw¢"À¢&–çFVw&—G’#¢'6†S"Ö§twÔdócs4öÆeCtõ4‡„våsC6–Tƒ•u¦Uu„âôrö¥3F¦gVµ§†÷'—d¦ueV7&ÃTäÂövt‡56ÔÄÔ‡TƒcDÆ†sÓÒ"À¢&FWb#¢G'VRÀ¢&Æ–6Vç6R#¢$Ô•B"À¢&Væv–æW2#¢°¢&æöFR#¢#ãÓB"À¢'–&â#¢"¢ ¢Ð¢ÒÀ¢&æöFUöÖöGVÆW2÷WFFRÖ'&÷w6W'6Æ—7BÖF"#¢°¢'fW'6–öâ#¢#ã"ã2"À¢'&W6öÇfVB#¢&‡GG¢ò÷6¶vRÖf—&WvÆÂç&WÆ—BæÆö6ÂöçÒ÷WFFRÖ'&÷w6W'6Æ—7BÖF"òÒ÷WFFRÖ'&÷w6W'6Æ—7BÖF"Óã"ã2çFw¢"À¢&–çFVw&—G’#¢'6†S"Ô§3Ó–7‚·ötG†óTÖ”dtWVUw§G¢¶CB´Ó7$vÆÔµBµCD•2ö¥G–Çs4çwSf7EE…#Ô3´cEf&DÇC4&c#—sÓÒ"À¢&FWb#¢G'VRÀ¢&gVæF–ær#¢°¢°¢'G—R#¢&÷Væ6öÆÆV7F—fR"À¢'W&Â#¢&‡GG3¢òö÷Væ6öÆÆV7F—fRæ6öÒö'&÷w6W'6Æ—7B ¢ÒÀ¢°¢'G—R#¢'F–FVÆ–gB"À¢'W&Â#¢&‡GG3¢ò÷F–FVÆ–gBæ6öÒögVæF–æröv—F‡V"öçÒö'&÷w6W'6Æ—7B ¢ÒÀ¢°¢'G—R#¢&v—F‡V""À¢'W&Â#¢&‡GG3¢òöv—F‡V"æ6öÒ÷7öç6÷'2ö’ ¢Ð¢ÒÀ¢&Æ–6Vç6R#¢$Ô•B"À¢&FWVæFVæ6–W2#¢°¢&W66ÆFR#¢%ã2ã"ã"À¢'–6ö6öÆ÷'2#¢%ããã ¢ÒÀ¢&&–â#¢°¢'WFFRÖ'&÷w6W'6Æ—7BÖF"#¢&6Æ’æ§2 ¢ÒÀ¢'VW$FWVæFVæ6–W2#¢°¢&'&÷w6W'6Æ—7B#¢#ãÒBã#ã ¢Ð¢ÒÀ¢&æöFUöÖöGVÆW2÷WF–ÂÖFW&V6FR#¢°¢'fW'6–öâ#¢#ãã""À¢'&W6öÇfVB#¢&‡GG¢ò÷6¶vRÖf—&WvÆÂç&WÆ—BæÆö6ÂöçÒ÷WF–ÂÖFW&V6FRòÒ÷WF–ÂÖFW&V6FRÓãã"çFw¢"À¢&–çFVw&—G’#¢'6†S"ÔUCWU‡”g„§7$Æä63ä†ç6tödE¤&ö4–”“%F44ud4£T¤DÖt7¤–µ„ç5U–dCF²òôÅDU‡†”–'$‡F7sÓÒ"À¢&Æ–6Vç6R#¢$Ô•B ¢ÒÀ¢&æöFUöÖöGVÆW2÷WV–B#¢°¢'fW'6–öâ#¢#ãã"À¢'&W6öÇfVB#¢&‡GG¢ò÷6¶vRÖf—&WvÆÂç&WÆ—BæÆö6ÂöçÒ÷WV–BòÒ÷WV–BÓããçFw¢"À¢&–çFVw&—G’#¢'6†S"×d•—‡$$42ôâô²´§374ãƒ†vóv´–då77"ö„„6W4´5ä¦Öwe•3&÷#c–´—VdTr´óBµfW¤ôƒDV$–T„6df÷c…¦uÓÒ"À¢&gVæF–ær#¢°¢&‡GG3¢òöv—F‡V"æ6öÒ÷7öç6÷'2ö'&ööf"À¢&‡GG3¢òöv—F‡V"æ6öÒ÷7öç6÷'2ö7Ffâ ¢ÒÀ¢&Æ–6Vç6R#¢$Ô•B"À¢&&–â#¢°¢'WV–B#¢&F—7BöW6Òö&–â÷WV–B ¢Ð¢ÒÀ¢&æöFUöÖöGVÆW2÷f'’#¢°¢'fW'6–öâ#¢#ãã""À¢'&W6öÇfVB#¢&‡GG¢ò÷6¶vRÖf—&WvÆÂç&WÆ—BæÆö6ÂöçÒ÷f'’òÒ÷f'’Óãã"çFw¢"À¢&–çFVw&—G’#¢'6†S"Ô$äv%tÆfCUU&†µ…UfÓ£‡WWe$W•FƒV÷e&öG–÷rô'%¤§”2³VeR´—¥÷¦Ô·¥—•$•6õ&†E#6T•¢õ‡sÓÒ"À¢&Æ–6Vç6R#¢$Ô•B"À¢&Væv–æW2#¢°¢&æöFR#¢#ãÒã‚ ¢Ð¢ÒÀ¢&æöFUöÖöGVÆW2÷f—FR#¢°¢'fW'6–öâ#¢#RãBã#"À¢'&W6öÇfVB#¢&‡GG¢ò÷6¶vRÖf—&WvÆÂç&WÆ—BæÆö6ÂöçÒ÷f—FRòÒ÷f—FRÓRãBã#çFw¢"À¢&–çFVw&—G’#¢'6†S"ÖóV—„¶¦'GV…“d&“U32´‡f%$U&Ö÷V%v'•V7……TR´tåT¶õ$ö“–'”ô£„Óä†$…”†µ””6”ÖÇ†¶s¶µ–ÖÓ#U7sÓÒ"À¢&FWb#¢G'VRÀ¢&Æ–6Vç6R#¢$Ô•B"À¢&FWVæFVæ6–W2#¢°¢&W6'V–ÆB#¢%ãã#ã2"À¢'÷7F772#¢%ã‚ãBãC2"À¢'&öÆÇW#¢%ãBã#ã ¢ÒÀ¢&&–â#¢°¢'f—FR#¢&&–â÷f—FRæ§2 ¢ÒÀ¢&Væv–æW2#¢°¢&æöFR#¢%ã‚ããÇÂãÓ#ãã ¢ÒÀ¢&gVæF–ær#¢°¢'W&Â#¢&‡GG3¢òöv—F‡V"æ6öÒ÷f—FV§2÷f—FS÷7öç6÷#Ó ¢ÒÀ¢&÷F–öæÄFWVæFVæ6–W2#¢°¢&g6WfVçG2#¢'ã"ã2ã2 ¢ÒÀ¢'VW$FWVæFVæ6–W2#¢°¢$G—W2öæöFR#¢%ã‚ããÇÂãÓ#ãã"À¢&ÆW72#¢"¢"À¢&Æ–v‡Fæ–æv772#¢%ãã#ã"À¢'672#¢"¢"À¢'672ÖVÖ&VFFVB#¢"¢"À¢'7G–ÇW2#¢"¢"À¢'7Vv'72#¢"¢"À¢'FW'6W"#¢%ãRãBã ¢ÒÀ¢'VW$FWVæFVæ6–W4ÖWF#¢°¢$G—W2öæöFR#¢°¢&÷F–öæÂ#¢G'VP¢ÒÀ¢&ÆW72#¢°¢&÷F–öæÂ#¢G'VP¢ÒÀ¢&Æ–v‡Fæ–æv772#¢°¢&÷F–öæÂ#¢G'VP¢ÒÀ¢'672#¢°¢&÷F–öæÂ#¢G'VP¢ÒÀ¢'672ÖVÖ&VFFVB#¢°¢&÷F–öæÂ#¢G'VP¢ÒÀ¢'7G–ÇW2#¢°¢&÷F–öæÂ#¢G'VP¢ÒÀ¢'7Vv'72#¢°¢&÷F–öæÂ#¢G'VP¢ÒÀ¢'FW'6W"#¢°¢&÷F–öæÂ#¢G'VP¢Ð¢Ð¢ÒÀ¢&æöFUöÖöGVÆW2÷f—FR×ÇVv–â×v#¢°¢'fW'6–öâ#¢#ã#ãR"À¢'&W6öÇfVB#¢&‡GG¢ò÷6¶vRÖf—&WvÆÂç&WÆ—BæÆö6ÂöçÒ÷f—FR×ÇVv–â×vòÒ÷f—FR×ÇVv–â×vÓã#ãRçFw¢"À¢&–çFVw&—G’#¢'6†S"ÖvWT’ódsfãD3T–æãgt‡VÔVÅRõTWçTò³–•§§u¤uD4ƒƒuFU£e”d×$U“e¥T%D”„†Æ…G6$ÔG'”d&57TöG7£•ÓÒ"À¢&FWb#¢G'VRÀ¢&Æ–6Vç6R#¢$Ô•B"À¢&FWVæFVæ6–W2#¢°¢&FV'Vr#¢%ãBã2ãb"À¢'&WGG’Ö'—FW2#¢%ãbãã"À¢'F–ç–vÆö&'’#¢%ãã"ã"À¢'v÷&¶&÷‚Ö'V–ÆB#¢%ãrãã"À¢'v÷&¶&÷‚×v–æF÷r#¢%ãrãã ¢ÒÀ¢&Væv–æW2#¢°¢&æöFR#¢#ãÓbãã ¢ÒÀ¢&gVæF–ær#¢°¢'W&Â#¢&‡GG3¢òöv—F‡V"æ6öÒ÷7öç6÷'2öçFgR ¢ÒÀ¢'VW$FWVæFVæ6–W2#¢°¢$f—FR×vö76WG2ÖvVæW&F÷"#¢%ãã"ãb"À¢'f—FR#¢%ã2ããÇÂãBããÇÂãRãã"À¢'v÷&¶&÷‚Ö'V–ÆB#¢%ãrãã"À¢'v÷&¶&÷‚×v–æF÷r#¢%ãrãã ¢ÒÀ¢'VW$FWVæFVæ6–W4ÖWF#¢°¢$f—FR×vö76WG2ÖvVæW&F÷"#¢°¢&÷F–öæÂ#¢G'VP¢Ð¢Ð¢ÒÀ¢&æöFUöÖöGVÆW2÷v†–6‚#¢°¢'fW'6–öâ#¢#"ãã""À¢'&W6öÇfVB#¢&‡GG¢ò÷6¶vRÖf—&WvÆÂç&WÆ—BæÆö6ÂöçÒ÷v†–6‚òÒ÷v†–6‚Ó"ãã"çFw¢"À¢&–çFVw&—G’#¢'6†S"Ô$Ä“5FÃEs5fÃsÃ7—5“cF’¶wu‡4t%•v¶·×Fæ%†w$ÔB·–£w&…s·TTG‡¤¦•„v¤UsVöv´äÔT´äÖ¦–$ÓÒ"À¢&FWb#¢G'VRÀ¢&Æ–6Vç6R#¢$•42"À¢&FWVæFVæ6–W2#¢°¢&—6W†R#¢%ã"ãã ¢ÒÀ¢&&–â#¢°¢&æöFR×v†–6‚#¢&&–âöæöFR×v†–6‚ ¢ÒÀ¢&Væv–æW2#¢°¢&æöFR#¢#ãÒ‚ ¢Ð¢ÒÀ¢&æöFUöÖöGVÆW2÷v†–6‚Ö&÷†VB×&–Ö—F—fR#¢°¢'fW'6–öâ#¢#ãã"À¢'&W6öÇfVB#¢&‡GG¢ò÷6¶vRÖf—&WvÆÂç&WÆ—BæÆö6ÂöçÒ÷v†–6‚Ö&÷†VB×&–Ö—F—fRòÒ÷v†–6‚Ö&÷†VB×&–Ö—F—fRÓããçFw¢"À¢&–çFVw&—G’#¢'6†S"ÕF%ƒ6Ö£†ãöD4$efÅ“„†·4„7s4Ãc¤—Tc†¤es†£43%–†Ôwg$„'¥E$ƒ"÷‡—Vç$£–s¥7–¤6§õw¤”ÓÒ"À¢&FWb#¢G'VRÀ¢&Æ–6Vç6R#¢$Ô•B"À¢&FWVæFVæ6–W2#¢°¢&—2Ö&–v–çB#¢%ããã"À¢&—2Ö&ööÆVâÖö&¦V7B#¢%ãã"ã"À¢&—2ÖçVÖ&W"Öö&¦V7B#¢%ããã"À¢&—2×7G&–ær#¢%ããã"À¢&—2×7–Ö&öÂ#¢%ããã ¢ÒÀ¢&Væv–æW2#¢°¢&æöFR#¢#ãÒãB ¢ÒÀ¢&gVæF–ær#¢°¢'W&Â#¢&‡GG3¢òöv—F‡V"æ6öÒ÷7öç6÷'2öÆ¦†&" ¢Ð¢ÒÀ¢&æöFUöÖöGVÆW2÷v†–6‚Ö'V–ÇF–â×G—R#¢°¢'fW'6–öâ#¢#ã"ã"À¢'&W6öÇfVB#¢&‡GG¢ò÷6¶vRÖf—&WvÆÂç&WÆ—BæÆö6ÂöçÒ÷v†–6‚Ö'V–ÇF–â×G—RòÒ÷v†–6‚Ö'V–ÇF–â×G—RÓã"ãçFw¢"À¢&–çFVw&—G’#¢'6†S"Óf”&7¦õ‚¶´Ev2µ”¤&æƒ5B´µ¥'„Òö•”å†–7³cbõfÓ#“6—R·”ô–Ö¶s¤†&£TÄäö4çcDTF•£†3D#GeÓÒ"À¢&FWb#¢G'VRÀ¢&Æ–6Vç6R#¢$Ô•B"À¢&FWVæFVæ6–W2#¢°¢&6ÆÂÖ&÷VæB#¢%ããã""À¢&gVæ7F–öâç&÷F÷G—RææÖR#¢%ãããb"À¢&†2×F÷7G&–æwFr#¢%ããã""À¢&—2Ö7–æ2ÖgVæ7F–öâ#¢%ã"ãã"À¢&—2ÖFFRÖö&¦V7B#¢%ããã"À¢&—2Öf–æÆ—¦F–öç&Vv—7G'’#¢%ããã"À¢&—2ÖvVæW&F÷"ÖgVæ7F–öâ#¢%ããã"À¢&—2×&VvW‚#¢%ãã"ã"À¢&—2×vV·&Vb#¢%ããã""À¢&—6'&’#¢%ã"ããR"À¢'v†–6‚Ö&÷†VB×&–Ö—F—fR#¢%ããã"À¢'v†–6‚Ö6öÆÆV7F–öâ#¢%ããã""À¢'v†–6‚×G—VBÖ'&’#¢%ãããb ¢ÒÀ¢&Væv–æW2#¢°¢&æöFR#¢#ãÒãB ¢ÒÀ¢&gVæF–ær#¢°¢'W&Â#¢&‡GG3¢òöv—F‡V"æ6öÒ÷7öç6÷'2öÆ¦†&" ¢Ð¢ÒÀ¢&æöFUöÖöGVÆW2÷v†–6‚Ö6öÆÆV7F–öâ#¢°¢'fW'6–öâ#¢#ãã""À¢'&W6öÇfVB#¢&‡GG¢ò÷6¶vRÖf—&WvÆÂç&WÆ—BæÆö6ÂöçÒ÷v†–6‚Ö6öÆÆV7F–öâòÒ÷v†–6‚Ö6öÆÆV7F–öâÓãã"çFw¢"À¢&–çFVw&—G’#¢'6†S"Ô³F¥g–¦ä&Fwf3ƒe“d&¶Å¤Tã“357u”÷T$f¶FÔ'S•¦f¶4&Ef'•FäFÖ§e¢ö¥%…'cTUµFäC33”v–—&æt7sÓÒ"À¢&FWb#¢G'VRÀ¢&Æ–6Vç6R#¢$Ô•B"À¢&FWVæFVæ6–W2#¢°¢&—2ÖÖ#¢%ã"ãã2"À¢&—2×6WB#¢%ã"ãã2"À¢&—2×vV¶Ö#¢%ã"ãã""À¢&—2×vV·6WB#¢%ã"ãã2 ¢ÒÀ¢&Væv–æW2#¢°¢&æöFR#¢#ãÒãB ¢ÒÀ¢&gVæF–ær#¢°¢'W&Â#¢&‡GG3¢òöv—F‡V"æ6öÒ÷7öç6÷'2öÆ¦†&" ¢Ð¢ÒÀ¢&æöFUöÖöGVÆW2÷v†–6‚×G—VBÖ'&’#¢°¢'fW'6–öâ#¢#ãã#""À¢'&W6öÇfVB#¢&‡GG¢ò÷6¶vRÖf—&WvÆÂç&WÆ—BæÆö6ÂöçÒ÷v†–6‚×G—VBÖ'&’òÒ÷v†–6‚×G—VBÖ'&’Óãã#"çFw¢"À¢&–çFVw&—G’#¢'6†S"ÖgdóDW…tÔg7–„s4•ö$×U“Ç†u–7†&3C”4æEtDDT4ô¤æu—g4õugv%¦2·c7'¥'G†ö¤$²´4ÔWcÆCT5—sÓÒ"À¢&FWb#¢G'VRÀ¢&Æ–6Vç6R#¢$Ô•B"À¢&FWVæFVæ6–W2#¢°¢&f–Æ&ÆR×G—VBÖ'&—2#¢%ãããr"À¢&6ÆÂÖ&–æB#¢%ããã’"À¢&6ÆÂÖ&÷VæB#¢%ãããB"À¢&f÷"ÖV6‚#¢%ãã2ãR"À¢&vWB×&÷Fò#¢%ããã"À¢&v÷B#¢%ãã"ã"À¢&†2×F÷7G&–æwFr#¢%ããã" ¢ÒÀ¢&Væv–æW2#¢°¢&æöFR#¢#ãÒãB ¢ÒÀ¢&gVæF–ær#¢°¢'W&Â#¢&‡GG3¢òöv—F‡V"æ6öÒ÷7öç6÷'2öÆ¦†&" ¢Ð¢ÒÀ¢&æöFUöÖöGVÆW2÷v÷&¶&÷‚Ö&6¶w&÷VæB×7–æ2#¢°¢'fW'6–öâ#¢#rãBã"À¢'&W6öÇfVB#¢&‡GG¢ò÷6¶vRÖf—&WvÆÂç&WÆ—BæÆö6ÂöçÒ÷v÷&¶&÷‚Ö&6¶w&÷VæB×7–æ2òÒ÷v÷&¶&÷‚Ö&6¶w&÷VæB×7–æ2ÓrãBãçFw¢"À¢&–çFVw&—G’#¢'6†S"Ô†…Ct´S‡DõtFÓ'u$ç6……VåUödÖÆ†Väc$D&EVäE÷V&†—§¥T—Fµ•FÔ#gFC£&6¥•“‡g¤V•ÄWW¦ãV„ãcfsÓÒ"À¢&FWb#¢G'VRÀ¢&Æ–6Vç6R#¢$Ô•B"À¢&FWVæFVæ6–W2#¢°¢&–F"#¢%ãrãã"À¢'v÷&¶&÷‚Ö6÷&R#¢#rãBã ¢Ð¢ÒÀ¢&æöFUöÖöGVÆW2÷v÷&¶&÷‚Ö'&öF67B×WFFR#¢°¢'fW'6–öâ#¢#rãBã"À¢'&W6öÇfVB#¢&‡GG¢ò÷6¶vRÖf—&WvÆÂç&WÆ—BæÆö6ÂöçÒ÷v÷&¶&÷‚Ö'&öF67B×WFFRòÒ÷v÷&¶&÷‚Ö'&öF67B×WFFRÓrãBãçFw¢"À¢&–çFVw&—G’#¢'6†S"×TÆw6Ä´Çf%’·7V—$–Fä$55—&6t&†§ƒæ£FÃÆ¢ô¦Ö£Ô¤ó$4¤U&ä4¦¥CtegvÕ&Ucâ·§3s„³fwCVw#’ò´ÓÒ"À¢&FWb#¢G'VRÀ¢&Æ–6Vç6R#¢$Ô•B"À¢&FWVæFVæ6–W2#¢°¢'v÷&¶&÷‚Ö6÷&R#¢#rãBã ¢Ð¢ÒÀ¢&æöFUöÖöGVÆW2÷v÷&¶&÷‚Ö'V–ÆB#¢°¢'fW'6–öâ#¢#rãBã"À¢'&W6öÇfVB#¢&‡GG¢ò÷6¶vRÖf—&WvÆÂç&WÆ—BæÆö6ÂöçÒ÷v÷&¶&÷‚Ö'V–ÆBòÒ÷v÷&¶&÷‚Ö'V–ÆBÓrãBãçFw¢"À¢&–çFVw&—G’#¢'6†S"Õ4F‡„—dTFS”w’óWsE–ó¦‚ôÓC•£S7÷FW”S‡¤wE67„gd&47D•„gTÇF×G…%¤4Ö&c&6óEg”WS4´%WsÓÒ"À¢&FWb#¢G'VRÀ¢&Æ–6Vç6R#¢$Ô•B"À¢&FWVæFVæ6–W2#¢°¢$–FV6²ö&WGFW"Ö§bÖW'&÷'2#¢%ãã2ã"À¢$&&VÂö6÷&R#¢%ãrã#BãB"À¢$&&VÂ÷&W6WBÖVçb#¢%ãrãã"À¢$&&VÂ÷'VçF–ÖR#¢%ãrãã""À¢$&öÆÇW÷ÇVv–âÖ&&VÂ#¢%ãbãã"À¢$&öÆÇW÷ÇVv–âÖæöFR×&W6öÇfR#¢%ãbãã2"À¢$&öÆÇW÷ÇVv–â×&WÆ6R#¢%ãbãã2"À¢$&öÆÇW÷ÇVv–â×FW'6W"#¢%ããã"À¢$G&–6¶f–ÆÓC÷&öÆÇW×ÇVv–âÖöfbÖÖ–â×F‡&VB#¢%ã2ãã×&S"À¢&§b#¢%ã‚ãbã"À¢&6öÖÖöâ×Fw2#¢%ãã‚ã"À¢&WF#¢%ãBãRã"À¢&f7BÖ§6öâ×7F&ÆR×7G&–æv–g’#¢%ã"ãã"À¢&g2ÖW‡G&#¢%ã’ãã"À¢&vÆö"#¢%ããã"À¢'&WGG’Ö'—FW2#¢%ãRã2ã"À¢'&öÆÇW#¢%ãBãS2ã2"À¢'6÷W&6RÖÖ#¢%ãã‚ãÖ&WFã"À¢'7G&–æv–g’Öö&¦V7B#¢%ã2ã2ã"À¢'7G&—Ö6öÖÖVçG2#¢%ã"ãã"À¢'FV×’#¢%ããbã"À¢'WF‚#¢%ãã"ã"À¢'v÷&¶&÷‚Ö&6¶w&÷VæB×7–æ2#¢#rãBã"À¢'v÷&¶&÷‚Ö'&öF67B×WFFR#¢#rãBã"À¢'v÷&¶&÷‚Ö66†V&ÆR×&W7öç6R#¢#rãBã"À¢'v÷&¶&÷‚Ö6÷&R#¢#rãBã"À¢'v÷&¶&÷‚ÖW‡—&F–öâ#¢#rãBã"À¢'v÷&¶&÷‚ÖvöövÆRÖæÇ—F–72#¢#rãBã"À¢'v÷&¶&÷‚Öæf–vF–öâ×&VÆöB#¢#rãBã"À¢'v÷&¶&÷‚×&V66†–ær#¢#rãBã"À¢'v÷&¶&÷‚×&ævR×&WVW7G2#¢#rãBã"À¢'v÷&¶&÷‚×&V6—W2#¢#rãBã"À¢'v÷&¶&÷‚×&÷WF–ær#¢#rãBã"À¢'v÷&¶&÷‚×7G&FVv–W2#¢#rãBã"À¢'v÷&¶&÷‚×7G&V×2#¢#rãBã"À¢'v÷&¶&÷‚×7r#¢#rãBã"À¢'v÷&¶&÷‚×v–æF÷r#¢#rãBã ¢ÒÀ¢&Væv–æW2#¢°¢&æöFR#¢#ãÓ#ãã ¢Ð¢ÒÀ¢&æöFUöÖöGVÆW2÷v÷&¶&÷‚Ö'V–ÆBöæöFUöÖöGVÆW2÷&WGG’Ö'—FW2#¢°¢'fW'6–öâ#¢#Rãbã"À¢'&W6öÇfVB#¢&‡GG¢ò÷6¶vRÖf—&WvÆÂç&WÆ—BæÆö6ÂöçÒ÷&WGG’Ö'—FW2òÒ÷&WGG’Ö'—FW2ÓRãbãçFw¢"À¢&–çFVw&—G’#¢'6†S"Ôdgs3•F×$'d³†ÖótôÃ74G¢õg—FGD§#CBõT§Dƒt³–Æ#–¤Ç—D§”—…WwE¤‡v#$'F”F”5u7vó”¤Æ·¤fsÓÒ"À¢&FWb#¢G'VRÀ¢&Æ–6Vç6R#¢$Ô•B"À¢&Væv–æW2#¢°¢&æöFR#¢#ãÓb ¢ÒÀ¢&gVæF–ær#¢°¢'W&Â#¢&‡GG3¢òöv—F‡V"æ6öÒ÷7öç6÷'2÷6–æG&W6÷&‡W2 ¢Ð¢ÒÀ¢&æöFUöÖöGVÆW2÷v÷&¶&÷‚Ö66†V&ÆR×&W7öç6R#¢°¢'fW'6–öâ#¢#rãBã"À¢'&W6öÇfVB#¢&‡GG¢ò÷6¶vRÖf—&WvÆÂç&WÆ—BæÆö6ÂöçÒ÷v÷&¶&÷‚Ö66†V&ÆR×&W7öç6RòÒ÷v÷&¶&÷‚Ö66†V&ÆR×&W7öç6RÓrãBãçFw¢"À¢&–çFVw&—G’#¢'6†S"Ó‡†fô¦DF3$ö§&Æ&$Ã6tVT$ót¶4×u'tÅ'Ww…•‡SsW•†¥ÇWw&%„×$”u§Uu•‡%v³„F¤÷…¢÷V¤7’öô¥—sÓÒ"À¢&FWb#¢G'VRÀ¢&Æ–6Vç6R#¢$Ô•B"À¢&FWVæFVæ6–W2#¢°¢'v÷&¶&÷‚Ö6÷&R#¢#rãBã ¢Ð¢ÒÀ¢&æöFUöÖöGVÆW2÷v÷&¶&÷‚Ö6÷&R#¢°¢'fW'6–öâ#¢#rãBã"À¢'&W6öÇfVB#¢&‡GG¢ò÷6¶vRÖf—&WvÆÂç&WÆ—BæÆö6ÂöçÒ÷v÷&¶&÷‚Ö6÷&RòÒ÷v÷&¶&÷‚Ö6÷&RÓrãBãçFw¢"À¢&–çFVw&—G’#¢'6†S"ÔEB·gSCfV‚ó'e'54…E“E†Ö33%£'#•&ÅU‡#Gƒ3§U…%wt÷7e¦tvv7w†67V%ÅÖ%Då•¦§cCDÆ´$GECWEÓÒ"À¢&FWb#¢G'VRÀ¢&Æ–6Vç6R#¢$Ô•B ¢ÒÀ¢&æöFUöÖöGVÆW2÷v÷&¶&÷‚ÖW‡—&F–öâ#¢°¢'fW'6–öâ#¢#rãBã"À¢'&W6öÇfVB#¢&‡GG¢ò÷6¶vRÖf—&WvÆÂç&WÆ—BæÆö6ÂöçÒ÷v÷&¶&÷‚ÖW‡—&F–öâòÒ÷v÷&¶&÷‚ÖW‡—&F–öâÓrãBãçFw¢"À¢&–çFVw&—G’#¢'6†S"ÖÅ$µTcv"´ôv&U†µ³3dÔ…„ö6Cu‡†ctöc3sf3f„6f—d——'FEu£ƒ—7G#…¤Öôsudäfô‡Ç“D÷‚·%S3EvsÓÒ"À¢&FWb#¢G'VRÀ¢&Æ–6Vç6R#¢$Ô•B"À¢&FWVæFVæ6–W2#¢°¢&–F"#¢%ãrãã"À¢'v÷&¶&÷‚Ö6÷&R#¢#rãBã ¢Ð¢ÒÀ¢&æöFUöÖöGVÆW2÷v÷&¶&÷‚ÖvöövÆRÖæÇ—F–72#¢°¢'fW'6–öâ#¢#rãBã"À¢'&W6öÇfVB#¢&‡GG¢ò÷6¶vRÖf—&WvÆÂç&WÆ—BæÆö6ÂöçÒ÷v÷&¶&÷‚ÖvöövÆRÖæÇ—F–72òÒ÷v÷&¶&÷‚ÖvöövÆRÖæÇ—F–72ÓrãBãçFw¢"À¢&–çFVw&—G’#¢'6†S"ÔÖ·3§tÄWB²µ¤´cg53÷6ƒ•'DÔ—6”Fu'²¶6öF”„t•†VTöv“F534tfEVÃ…cUW—V³„÷†vÃ4†Çug¤‡sÓÒ"À¢&FWb#¢G'VRÀ¢&Æ–6Vç6R#¢$Ô•B"À¢&FWVæFVæ6–W2#¢°¢'v÷&¶&÷‚Ö&6¶w&÷VæB×7–æ2#¢#rãBã"À¢'v÷&¶&÷‚Ö6÷&R#¢#rãBã"À¢'v÷&¶&÷‚×&÷WF–ær#¢#rãBã"À¢'v÷&¶&÷‚×7G&FVv–W2#¢#rãBã ¢Ð¢ÒÀ¢&æöFUöÖöGVÆW2÷v÷&¶&÷‚Öæf–vF–öâ×&VÆöB#¢°¢'fW'6–öâ#¢#rãBã"À¢'&W6öÇfVB#¢&‡GG¢ò÷6¶vRÖf—&WvÆÂç&WÆ—BæÆö6ÂöçÒ÷v÷&¶&÷‚Öæf–vF–öâ×&VÆöBòÒ÷v÷&¶&÷‚Öæf–vF–öâ×&VÆöBÓrãBãçFw¢"À¢&–çFVw&—G’#¢'6†S"Ô3Dµg6¥5”´¤ö‡#c3…#•†ôs'$Äc5•F³V×c3dÕ„ö§EwfÓ†‡tädDµUw5uWtÅ…„Öu”ÓVãvg7fæF†U…%ÓÒ"À¢&FWb#¢G'VRÀ¢&Æ–6Vç6R#¢$Ô•B"À¢&FWVæFVæ6–W2#¢°¢'v÷&¶&÷‚Ö6÷&R#¢#rãBã ¢Ð¢ÒÀ¢&æöFUöÖöGVÆW2÷v÷&¶&÷‚×&V66†–ær#¢°¢'fW'6–öâ#¢#rãBã"À¢'&W6öÇfVB#¢&‡GG¢ò÷6¶vRÖf—&WvÆÂç&WÆ—BæÆö6ÂöçÒ÷v÷&¶&÷‚×&V66†–æròÒ÷v÷&¶&÷‚×&V66†–ærÓrãBãçFw¢"À¢&–çFVw&—G’#¢'6†S"Ö6G"ó—'—wsw—¤Ww¦r÷“GVµW'$æ¥Ætâ´ôå'§’õgu‡v¶t‡w#¶·4t¤³‡cf–gtE„&#†F5tå¤ƒs¦ã5ÓÒ"À¢&FWb#¢G'VRÀ¢&Æ–6Vç6R#¢$Ô•B"À¢&FWVæFVæ6–W2#¢°¢'v÷&¶&÷‚Ö6÷&R#¢#rãBã"À¢'v÷&¶&÷‚×&÷WF–ær#¢#rãBã"À¢'v÷&¶&÷‚×7G&FVv–W2#¢#rãBã ¢Ð¢ÒÀ¢&æöFUöÖöGVÆW2÷v÷&¶&÷‚×&ævR×&WVW7G2#¢°¢'fW'6–öâ#¢#rãBã"À¢'&W6öÇfVB#¢&‡GG¢ò÷6¶vRÖf—&WvÆÂç&WÆ—BæÆö6ÂöçÒ÷v÷&¶&÷‚×&ævR×&WVW7G2òÒ÷v÷&¶&÷‚×&ævR×&WVW7G2ÓrãBãçFw¢"À¢&–çFVw&—G’#¢'6†S"Óv“&÷„TSƒ&t†D¤$4D§¤äöE%§T÷¤vfõW”§e6ÖW$å”u$ƒ„uõ¥UFg´ç–7w$C$ƒc…gGTc‡‡ceÓÒ"À¢&FWb#¢G'VRÀ¢&Æ–6Vç6R#¢$Ô•B"À¢&FWVæFVæ6–W2#¢°¢'v÷&¶&÷‚Ö6÷&R#¢#rãBã ¢Ð¢ÒÀ¢&æöFUöÖöGVÆW2÷v÷&¶&÷‚×&V6—W2#¢°¢'fW'6–öâ#¢#rãBã"À¢'&W6öÇfVB#¢&‡GG¢ò÷6¶vRÖf—&WvÆÂç&WÆ—BæÆö6ÂöçÒ÷v÷&¶&÷‚×&V6—W2òÒ÷v÷&¶&÷‚×&V6—W2ÓrãBãçFw¢"À¢&–çFVw&—G’#¢'6†S"Övæ%ffÕcBõGFÕÓGƒ”GU††6G7D§6W5„ÕfW§D÷%eBµ#b³dFT&¤uD5vdd5†Ò³DtT…TUdT%G–“R³FutvVösÓÒ"À¢&FWb#¢G'VRÀ¢&Æ–6Vç6R#¢$Ô•B"À¢&FWVæFVæ6–W2#¢°¢'v÷&¶&÷‚Ö66†V&ÆR×&W7öç6R#¢#rãBã"À¢'v÷&¶&÷‚Ö6÷&R#¢#rãBã"À¢'v÷&¶&÷‚ÖW‡—&F–öâ#¢#rãBã"À¢'v÷&¶&÷‚×&V66†–ær#¢#rãBã"À¢'v÷&¶&÷‚×&÷WF–ær#¢#rãBã"À¢'v÷&¶&÷‚×7G&FVv–W2#¢#rãBã ¢Ð¢ÒÀ¢&æöFUöÖöGVÆW2÷v÷&¶&÷‚×&÷WF–ær#¢°¢'fW'6–öâ#¢#rãBã"À¢'&W6öÇfVB#¢&‡GG¢ò÷6¶vRÖf—&WvÆÂç&WÆ—BæÆö6ÂöçÒ÷v÷&¶&÷‚×&÷WF–æròÒ÷v÷&¶&÷‚×&÷WF–ærÓrãBãçFw¢"À¢&–çFVw&—G’#¢'6†S"×—V$¤tW%¤÷W7V–DVæÃW—f…öwW'…öc„Sw3te#C3•&•u…Ut$•V¶ÕVôôÂô&5vVã6ƒ£ƒƒs&CS•—‡DÓÒ"À¢&FWb#¢G'VRÀ¢&Æ–6Vç6R#¢$Ô•B"À¢&FWVæFVæ6–W2#¢°¢'v÷&¶&÷‚Ö6÷&R#¢#rãBã ¢Ð¢ÒÀ¢&æöFUöÖöGVÆW2÷v÷&¶&÷‚×7G&FVv–W2#¢°¢'fW'6–öâ#¢#rãBã"À¢'&W6öÇfVB#¢&‡GG¢ò÷6¶vRÖf—&WvÆÂç&WÆ—BæÆö6ÂöçÒ÷v÷&¶&÷‚×7G&FVv–W2òÒ÷v÷&¶&÷‚×7G&FVv–W2ÓrãBãçFw¢"À¢&–çFVw&—G’#¢'6†S"Ôu§‡s”æ&ÔöVÆ£sccwU£&·³T$gôv$óEƒ§vƒVÇ3……„2´Æ†TÅ6…F•W§5De52´æÅWgE””õe‡eW&7õÓÒ"À¢&FWb#¢G'VRÀ¢&Æ–6Vç6R#¢$Ô•B"À¢&FWVæFVæ6–W2#¢°¢'v÷&¶&÷‚Ö6÷&R#¢#rãBã ¢Ð¢ÒÀ¢&æöFUöÖöGVÆW2÷v÷&¶&÷‚×7G&V×2#¢°¢'fW'6–öâ#¢#rãBã"À¢'&W6öÇfVB#¢&‡GG¢ò÷6¶vRÖf—&WvÆÂç&WÆ—BæÆö6ÂöçÒ÷v÷&¶&÷‚×7G&V×2òÒ÷v÷&¶&÷‚×7G&V×2ÓrãBãçFw¢"À¢&–çFVw&—G’#¢'6†S"Ô…uwG&µV$¦¶æC–¶wv74sD„õ—g3„†¤ÔG3&V$Ää–ÔFµdFvd„Se–&Â¶Ó…Sd·44Sgw”Å—V–uvÖä‡sÓÒ"À¢&FWb#¢G'VRÀ¢&Æ–6Vç6R#¢$Ô•B"À¢&FWVæFVæ6–W2#¢°¢'v÷&¶&÷‚Ö6÷&R#¢#rãBã"À¢'v÷&¶&÷‚×&÷WF–ær#¢#rãBã ¢Ð¢ÒÀ¢&æöFUöÖöGVÆW2÷v÷&¶&÷‚×7r#¢°¢'fW'6–öâ#¢#rãBã"À¢'&W6öÇfVB#¢&‡GG¢ò÷6¶vRÖf—&WvÆÂç&WÆ—BæÆö6ÂöçÒ÷v÷&¶&÷‚×7ròÒ÷v÷&¶&÷‚×7rÓrãBãçFw¢"À¢&–çFVw&—G’#¢'6†S"ÖfW£Vc$EVÄD¥uDe–´5u“ã†wG§FCƒC”ç7t6%df³Æ54ÓD…CT‡ƒFsF–“cS–VÓD“‡D…“#t¥¦‡w6ÇD•sÓÒ"À¢&FWb#¢G'VRÀ¢&Æ–6Vç6R#¢$Ô•B ¢ÒÀ¢&æöFUöÖöGVÆW2÷v÷&¶&÷‚×v–æF÷r#¢°¢'fW'6–öâ#¢#rãBã"À¢'&W6öÇfVB#¢&‡GG¢ò÷6¶vRÖf—&WvÆÂç&WÆ—BæÆö6ÂöçÒ÷v÷&¶&÷‚×v–æF÷ròÒ÷v÷&¶&÷‚×v–æF÷rÓrãBãçFw¢"À¢&–çFVw&—G’#¢'6†S"Öæ÷E¤Dƒ'S…e†—TCw†–dTf“e5$ÓE5U6CvWvS•G5gGVW…ƒ%¤Õ“7WgU¤w‡¥“U¤÷4t2÷dC4ó76ÔgD§CBôÓÒ"À¢&FWb#¢G'VRÀ¢&Æ–6Vç6R#¢$Ô•B"À¢&FWVæFVæ6–W2#¢°¢$G—W2÷G'W7FVB×G—W2#¢%ã"ãã""À¢'v÷&¶&÷‚Ö6÷&R#¢#rãBã ¢Ð¢ÒÀ¢&æöFUöÖöGVÆW2÷w&Öç6’#¢°¢'fW'6–öâ#¢#rãã"À¢'&W6öÇfVB#¢&‡GG¢ò÷6¶vRÖf—&WvÆÂç&WÆ—BæÆö6ÂöçÒ÷w&Öç6’òÒ÷w&Öç6’ÓrããçFw¢"À¢&–çFVw&—G’#¢'6†S"Õ•dt–£&¶ÔÅ5G‡sdç5¦¦ô'†e7w6ã–6FW6Ö3Gµ#3W¥U£Â´æg…fG…FD‡fÔådõe…5”sDWG—Bôf“tCeÓÒ"À¢&Æ–6Vç6R#¢$Ô•B"À¢&FWVæFVæ6–W2#¢°¢&ç6’×7G–ÆW2#¢%ãBãã"À¢'7G&–ær×v–GF‚#¢%ãBãã"À¢'7G&—Öç6’#¢%ãbãã ¢ÒÀ¢&Væv–æW2#¢°¢&æöFR#¢#ãÓ ¢ÒÀ¢&gVæF–ær#¢°¢'W&Â#¢&‡GG3¢òöv—F‡V"æ6öÒö6†Æ²÷w&Öç6“÷7öç6÷#Ó ¢Ð¢ÒÀ¢&æöFUöÖöGVÆW2÷w&’#¢°¢'fW'6–öâ#¢#ãã""À¢'&W6öÇfVB#¢&‡GG¢ò÷6¶vRÖf—&WvÆÂç&WÆ—BæÆö6ÂöçÒ÷w&’òÒ÷w&’Óãã"çFw¢"À¢&–çFVw&—G’#¢'6†S"ÖÃE7ôE'6V÷#—tÃdWec"µGUãc6DÖµ¥¢÷7•†¶v…DV%c”¶Å3…W5£7Srô•óGw‡F4d#F&w&5#57fW¥5ÓÒ"À¢&Æ–6Vç6R#¢$•42 ¢ÒÀ¢&æöFUöÖöGVÆW2÷†ÖÂÖæÖ–ær#¢°¢'fW'6–öâ#¢#ã2ã"À¢'&W6öÇfVB#¢&‡GG¢ò÷6¶vRÖf—&WvÆÂç&WÆ—BæÆö6ÂöçÒ÷†ÖÂÖæÖ–æròÒ÷†ÖÂÖæÖ–ærÓã2ãçFw¢"À¢&–çFVw&—G’#¢'6†S"Öv†–s%D$RôƒõfvÖ„4Ö†–×f´'#d¤•–¶ä‚ôF†F³å‡vF$—$§6&d×‡des†$ssvtã#–wd·ÕfõÇeÓÒ"À¢&gVæF–ær#¢°¢°¢'G—R#¢&v—F‡V""À¢'W&Â#¢&‡GG3¢òöv—F‡V"æ6öÒ÷7öç6÷'2ôæGW&Ä–çFVÆÆ–vVæ6R ¢Ð¢ÒÀ¢&Æ–6Vç6R#¢$Ô•B"À¢&Væv–æW2#¢°¢&æöFR#¢#ãÓbãã ¢Ð¢ÒÀ¢&æöFUöÖöGVÆW2÷“†â#¢°¢'fW'6–öâ#¢#Rãã‚"À¢'&W6öÇfVB#¢&‡GG¢ò÷6¶vRÖf—&WvÆÂç&WÆ—BæÆö6ÂöçÒ÷“†âòÒ÷“†âÓRãã‚çFw¢"À¢&–çFVw&—G’#¢'6†S"Ódg¦VvTEt¤„¤”ÕDÅ%$Gt†¦DcW3v¦ó—GW§FE„„”ä6Ge2³6ät”çC‡¥"óÆ„åU3bò³u46#“…”ödÓÒ"À¢&Æ–6Vç6R#¢$•42"À¢&Væv–æW2#¢°¢&æöFR#¢#ãÓ ¢Ð¢ÒÀ¢&æöFUöÖöGVÆW2÷–ÆÆ—7B#¢°¢'fW'6–öâ#¢#2ãã"À¢'&W6öÇfVB#¢&‡GG¢ò÷6¶vRÖf—&WvÆÂç&WÆ—BæÆö6ÂöçÒ÷–ÆÆ—7BòÒ÷–ÆÆ—7BÓ2ããçFw¢"À¢&–çFVw&—G’#¢'6†S"ÖETuuƒS–Ôõ…U–äs&Wvæ53F“DcC5Gc4¦ôÒ·3%dDÕ3”ç4³„wDÔÇ$4…·4eCvƒ4³eDöõTæã'#u&õ‡ƒFsÓÒ"À¢&FWb#¢G'VRÀ¢&Æ–6Vç6R#¢$•42 ¢ÒÀ¢&æöFUöÖöGVÆW2÷–&w2#¢°¢'fW'6–öâ#¢#rãrã""À¢'&W6öÇfVB#¢&‡GG¢ò÷6¶vRÖf—&WvÆÂç&WÆ—BæÆö6ÂöçÒ÷–&w2òÒ÷–&w2Órãrã"çFw¢"À¢&–çFVw&—G’#¢'6†S"ÓvE7§¥%²´4¶ää’ö·$¶å•%ct¤´µU„ÔVƒc6ö„¶s–×%tV‡¤ev„fç…„vÂ³c–4C÷Sc434åU6æÔ–7'g7TÓgsÓÒ"À¢&Æ–6Vç6R#¢$Ô•B"À¢&FWVæFVæ6–W2#¢°¢&6Æ—V’#¢%ã‚ãã"À¢&W66ÆFR#¢%ã2ãã"À¢&vWBÖ6ÆÆW"Öf–ÆR#¢%ã"ããR"À¢'&WV—&RÖF—&V7F÷'’#¢%ã"ãã"À¢'7G&–ær×v–GF‚#¢%ãBã"ã2"À¢'“†â#¢%ãRããR"À¢'–&w2×'6W"#¢%ã#ãã ¢ÒÀ¢&Væv–æW2#¢°¢&æöFR#¢#ãÓ" ¢Ð¢ÒÀ¢&æöFUöÖöGVÆW2÷–&w2×'6W"#¢°¢'fW'6–öâ#¢##ãã"À¢'&W6öÇfVB#¢&‡GG¢ò÷6¶vRÖf—&WvÆÂç&WÆ—BæÆö6ÂöçÒ÷–&w2×'6W"òÒ÷–&w2×'6W"Ó#ããçFw¢"À¢&–çFVw&—G’#¢'6†S"×Eg4¥stFF¦V4”g$”#S7„•4Sdæõ3RöUFG&&$”3FƒÅg5v†æö6r¶Ó$†6Ä$—V¤‡§7…£Ed¥d´uWV3"ôÄ'sÓÒ"À¢&Æ–6Vç6R#¢$•42"À¢&Væv–æW2#¢°¢&æöFR#¢#ãÓ" ¢Ð¢ÒÀ¢&æöFUöÖöGVÆW2÷¦öB#¢°¢'fW'6–öâ#¢#BãBã2"À¢'&W6öÇfVB#¢&‡GG¢ò÷6¶vRÖf—&WvÆÂç&WÆ—BæÆö6ÂöçÒ÷¦öBòÒ÷¦öBÓBãBã2çFw¢"À¢&–çFVw&—G’#¢'6†S"×—DTäf¤”¤fÃ%Wu–vÆFS&¦6…s$‡vÓDt¤dÄF•5…vEG$¥$”ã”f7—vãDF‡„¤V•tä¤Õcô'verö¶¶ssTF4„§•EÓÒ"À¢&Æ–6Vç6R#¢$Ô•B"À¢&gVæF–ær#¢°¢'W&Â#¢&‡GG3¢òöv—F‡V"æ6öÒ÷7öç6÷'2ö6öÆ–æ†6·2 ¢Ð¢Ð¢Ð§Ð